
Microsoft Visual Studio Solution File, Format Version 12.00
# Visual Studio Version 17
VisualStudioVersion = 17.9.34723.18
MinimumVisualStudioVersion = 10.0.40219.1
Project("{FAE04EC0-301F-11D3-BF4B-00C04F79EFBC}") = "SP_Projekat", "SP_Projekat.csproj", "{7FD3362E-480C-477F-9FB7-CB745B9D75D7}"
EndProject
Global
	GlobalSection(SolutionConfigurationPlatforms) = preSolution
		Debug|Any CPU = Debug|Any CPU
		Release|Any CPU = Release|Any CPU
	EndGlobalSection
	GlobalSection(ProjectConfigurationPlatforms) = postSolution
		{7FD3362E-480C-477F-9FB7-CB745B9D75D7}.Debug|Any CPU.ActiveCfg = Debug|Any CPU
		{7FD3362E-480C-477F-9FB7-CB745B9D75D7}.Debug|Any CPU.Build.0 = Debug|Any CPU
		{7FD3362E-480C-477F-9FB7-CB745B9D75D7}.Release|Any CPU.ActiveCfg = Release|Any CPU
		{7FD3362E-480C-477F-9FB7-CB745B9D75D7}.Release|Any CPU.Build.0 = Release|Any CPU
	EndGlobalSection
	GlobalSection(SolutionProperties) = preSolution
		HideSolutionNode = FALSE
	EndGlobalSection
	GlobalSection(ExtensibilityGlobals) = postSolution
		SolutionGuid = {D57C0437-AFCF-488F-802D-1C3D0B663176}
	EndGlobalSection
EndGlobal
